
Microsoft Visual Studio Solution File, Format Version 12.00
# Visual Studio Version 17
VisualStudioVersion = 17.10.34916.146
MinimumVisualStudioVersion = 10.0.40219.1
Project("{FAE04EC0-301F-11D3-BF4B-00C04F79EFBC}") = "program 1", "program 1.csproj", "{CF3413A8-CC14-41DE-ABD0-B1F08519328D}"
EndProject
Global
	GlobalSection(SolutionConfigurationPlatforms) = preSolution
		Debug|Any CPU = Debug|Any CPU
		Release|Any CPU = Release|Any CPU
	EndGlobalSection
	GlobalSection(ProjectConfigurationPlatforms) = postSolution
		{CF3413A8-CC14-41DE-ABD0-B1F08519328D}.Debug|Any CPU.ActiveCfg = Debug|Any CPU
		{CF3413A8-CC14-41DE-ABD0-B1F08519328D}.Debug|Any CPU.Build.0 = Debug|Any CPU
		{CF3413A8-CC14-41DE-ABD0-B1F08519328D}.Release|Any CPU.ActiveCfg = Release|Any CPU
		{CF3413A8-CC14-41DE-ABD0-B1F08519328D}.Release|Any CPU.Build.0 = Release|Any CPU
	EndGlobalSection
	GlobalSection(SolutionProperties) = preSolution
		HideSolutionNode = FALSE
	EndGlobalSection
	GlobalSection(ExtensibilityGlobals) = postSolution
		SolutionGuid = {7358C612-7F95-4282-B51E-5B5A441E7A21}
	EndGlobalSection
EndGlobal
